
Microsoft Visual Studio Solution File, Format Version 12.00
Project("{FAE04EC0-301F-11D3-BF4B-00C04F79EFBC}") = "CCDotNet", "CCDotNet\CCDotNet.csproj", "{A0DF1A91-AA6D-4181-B8F3-C334CAB501DC}"
EndProject
Project("{FAE04EC0-301F-11D3-BF4B-00C04F79EFBC}") = "CCDotNet.Emulation", "CCDotNet.Emulation\CCDotNet.Emulation.csproj", "{F6927299-F748-421E-A7C7-A798C472ED8D}"
EndProject
Global
	GlobalSection(SolutionConfigurationPlatforms) = preSolution
		Debug|Any CPU = Debug|Any CPU
		Release|Any CPU = Release|Any CPU
	EndGlobalSection
	GlobalSection(ProjectConfigurationPlatforms) = postSolution
		{A0DF1A91-AA6D-4181-B8F3-C334CAB501DC}.Debug|Any CPU.ActiveCfg = Debug|Any CPU
		{A0DF1A91-AA6D-4181-B8F3-C334CAB501DC}.Debug|Any CPU.Build.0 = Debug|Any CPU
		{A0DF1A91-AA6D-4181-B8F3-C334CAB501DC}.Release|Any CPU.ActiveCfg = Release|Any CPU
		{A0DF1A91-AA6D-4181-B8F3-C334CAB501DC}.Release|Any CPU.Build.0 = Release|Any CPU
		{F6927299-F748-421E-A7C7-A798C472ED8D}.Debug|Any CPU.ActiveCfg = Debug|Any CPU
		{F6927299-F748-421E-A7C7-A798C472ED8D}.Debug|Any CPU.Build.0 = Debug|Any CPU
		{F6927299-F748-421E-A7C7-A798C472ED8D}.Release|Any CPU.ActiveCfg = Release|Any CPU
		{F6927299-F748-421E-A7C7-A798C472ED8D}.Release|Any CPU.Build.0 = Release|Any CPU
	EndGlobalSection
EndGlobal
